// !$*UTF8*$!
{
	archiveVersion = 1;
	classes = {
	};
	objectVersion = 46;
	objects = {

/* Begin PBXBuildFile section */
		F80094C719238C230005112D /* AppKit.framework in Frameworks */ = {isa = PBXBuildFile; fileRef = F80094C619238C230005112D /* AppKit.framework */; };
		F80094C919238C230005112D /* Foundation.framework in Frameworks */ = {isa = PBXBuildFile; fileRef = F80094C819238C230005112D /* Foundation.framework */; };
		F80094CF19238C230005112D /* InfoPlist.strings in Resources */ = {isa = PBXBuildFile; fileRef = F80094CD19238C230005112D /* InfoPlist.strings */; };
		F80094D219238C230005112D /* LXLocation.m in Sources */ = {isa = PBXBuildFile; fileRef = F80094D119238C230005112D /* LXLocation.m */; };
		F80326DE1927EC7500BE9148 /* LMapView.m in Sources */ = {isa = PBXBuildFile; fileRef = F80326DD1927EC7500BE9148 /* LMapView.m */; };
		F80D06C91949BC5500356662 /* XCKeyBuilder.m in Sources */ = {isa = PBXBuildFile; fileRef = F80D06A81949BC5500356662 /* XCKeyBuilder.m */; };
		F80D06CA1949BC5500356662 /* XCAbstractDefinition.m in Sources */ = {isa = PBXBuildFile; fileRef = F80D06AA1949BC5500356662 /* XCAbstractDefinition.m */; };
		F80D06CB1949BC5500356662 /* XCBuildConfiguration.m in Sources */ = {isa = PBXBuildFile; fileRef = F80D06AC1949BC5500356662 /* XCBuildConfiguration.m */; };
		F80D06CC1949BC5500356662 /* XCClassDefinition.m in Sources */ = {isa = PBXBuildFile; fileRef = F80D06AE1949BC5500356662 /* XCClassDefinition.m */; };
		F80D06CD1949BC5500356662 /* XCFileOperationQueue.m in Sources */ = {isa = PBXBuildFile; fileRef = F80D06B01949BC5500356662 /* XCFileOperationQueue.m */; };
		F80D06CE1949BC5500356662 /* XCFrameworkDefinition.m in Sources */ = {isa = PBXBuildFile; fileRef = F80D06B21949BC5500356662 /* XCFrameworkDefinition.m */; };
		F80D06CF1949BC5500356662 /* XCGroup.m in Sources */ = {isa = PBXBuildFile; fileRef = F80D06B41949BC5500356662 /* XCGroup.m */; };
		F80D06D01949BC5500356662 /* XcodeMemberType.m in Sources */ = {isa = PBXBuildFile; fileRef = F80D06B81949BC5500356662 /* XcodeMemberType.m */; };
		F80D06D11949BC5500356662 /* XcodeSourceFileType.m in Sources */ = {isa = PBXBuildFile; fileRef = F80D06BA1949BC5500356662 /* XcodeSourceFileType.m */; };
		F80D06D21949BC5500356662 /* XCProject.m in Sources */ = {isa = PBXBuildFile; fileRef = F80D06BC1949BC5500356662 /* XCProject.m */; };
		F80D06D31949BC5500356662 /* XCProject+SubProject.m in Sources */ = {isa = PBXBuildFile; fileRef = F80D06BE1949BC5500356662 /* XCProject+SubProject.m */; };
		F80D06D41949BC5500356662 /* XCSourceFile.m in Sources */ = {isa = PBXBuildFile; fileRef = F80D06C01949BC5500356662 /* XCSourceFile.m */; };
		F80D06D51949BC5500356662 /* XCSourceFileDefinition.m in Sources */ = {isa = PBXBuildFile; fileRef = F80D06C21949BC5500356662 /* XCSourceFileDefinition.m */; };
		F80D06D61949BC5500356662 /* XCSubProjectDefinition.m in Sources */ = {isa = PBXBuildFile; fileRef = F80D06C41949BC5500356662 /* XCSubProjectDefinition.m */; };
		F80D06D71949BC5500356662 /* XCTarget.m in Sources */ = {isa = PBXBuildFile; fileRef = F80D06C61949BC5500356662 /* XCTarget.m */; };
		F80D06D81949BC5500356662 /* XCXibDefinition.m in Sources */ = {isa = PBXBuildFile; fileRef = F80D06C81949BC5500356662 /* XCXibDefinition.m */; };
		F82433FA1928092D00B20336 /* LAnnotation.m in Sources */ = {isa = PBXBuildFile; fileRef = F82433F91928092D00B20336 /* LAnnotation.m */; };
		F865D14E1923C03600010DE7 /* Cocoa.framework in Frameworks */ = {isa = PBXBuildFile; fileRef = F865D14D1923C03600010DE7 /* Cocoa.framework */; };
		F87CAFCF1923FBCE007BDCB5 /* DVTKit.framework in Frameworks */ = {isa = PBXBuildFile; fileRef = F87CAFCE1923FBCE007BDCB5 /* DVTKit.framework */; };
		F87CAFD11923FBD4007BDCB5 /* DVTFoundation.framework in Frameworks */ = {isa = PBXBuildFile; fileRef = F87CAFD01923FBD4007BDCB5 /* DVTFoundation.framework */; };
		F87CAFD41923FBF7007BDCB5 /* IDEFoundation.framework in Frameworks */ = {isa = PBXBuildFile; fileRef = F87CAFD21923FBF7007BDCB5 /* IDEFoundation.framework */; };
		F87CAFD51923FBF7007BDCB5 /* IDEKit.framework in Frameworks */ = {isa = PBXBuildFile; fileRef = F87CAFD31923FBF7007BDCB5 /* IDEKit.framework */; };
		F89831CB1926DD6C00839785 /* LWindow.m in Sources */ = {isa = PBXBuildFile; fileRef = F89831CA1926DD6C00839785 /* LWindow.m */; };
		F8A3EDDC1947B0EC00123269 /* LWorkspaceView.m in Sources */ = {isa = PBXBuildFile; fileRef = F8A3EDDB1947B0EC00123269 /* LWorkspaceView.m */; };
		F8AC30F11926BF6400E07ECB /* LWindow.xib in Resources */ = {isa = PBXBuildFile; fileRef = F8AC30F01926BF6400E07ECB /* LWindow.xib */; };
		F8B1215C1926607D00BC4756 /* NSString+Gpx.m in Sources */ = {isa = PBXBuildFile; fileRef = F8B1215B1926607D00BC4756 /* NSString+Gpx.m */; };
		F8BAE4411927D5A400A0FAA7 /* MapKit.framework in Frameworks */ = {isa = PBXBuildFile; fileRef = F8BAE4401927D5A400A0FAA7 /* MapKit.framework */; };
		F8BB5AC61947A1B200EFB5D5 /* LWorkspace.m in Sources */ = {isa = PBXBuildFile; fileRef = F8BB5AC51947A1B200EFB5D5 /* LWorkspace.m */; };
		F8F4673D19488621003B753B /* RMBlurredView.m in Sources */ = {isa = PBXBuildFile; fileRef = F8F4673C19488621003B753B /* RMBlurredView.m */; };
/* End PBXBuildFile section */

/* Begin PBXFileReference section */
		F80094C319238C230005112D /* XLocation.xcplugin */ = {isa = PBXFileReference; explicitFileType = wrapper.cfbundle; includeInIndex = 0; path = XLocation.xcplugin; sourceTree = BUILT_PRODUCTS_DIR; };
		F80094C619238C230005112D /* AppKit.framework */ = {isa = PBXFileReference; lastKnownFileType = wrapper.framework; name = AppKit.framework; path = System/Library/Frameworks/AppKit.framework; sourceTree = SDKROOT; };
		F80094C819238C230005112D /* Foundation.framework */ = {isa = PBXFileReference; lastKnownFileType = wrapper.framework; name = Foundation.framework; path = System/Library/Frameworks/Foundation.framework; sourceTree = SDKROOT; };
		F80094CC19238C230005112D /* XLocation-Info.plist */ = {isa = PBXFileReference; lastKnownFileType = text.plist.xml; path = "XLocation-Info.plist"; sourceTree = "<group>"; };
		F80094CE19238C230005112D /* en */ = {isa = PBXFileReference; lastKnownFileType = text.plist.strings; name = en; path = en.lproj/InfoPlist.strings; sourceTree = "<group>"; };
		F80094D019238C230005112D /* LXLocation.h */ = {isa = PBXFileReference; lastKnownFileType = sourcecode.c.h; path = LXLocation.h; sourceTree = "<group>"; };
		F80094D119238C230005112D /* LXLocation.m */ = {isa = PBXFileReference; lastKnownFileType = sourcecode.c.objc; path = LXLocation.m; sourceTree = "<group>"; };
		F80094D319238C230005112D /* XLocation-Prefix.pch */ = {isa = PBXFileReference; lastKnownFileType = sourcecode.c.h; path = "XLocation-Prefix.pch"; sourceTree = "<group>"; };
		F80326DC1927EC7500BE9148 /* LMapView.h */ = {isa = PBXFileReference; fileEncoding = 4; lastKnownFileType = sourcecode.c.h; path = LMapView.h; sourceTree = "<group>"; };
		F80326DD1927EC7500BE9148 /* LMapView.m */ = {isa = PBXFileReference; fileEncoding = 4; lastKnownFileType = sourcecode.c.objc; path = LMapView.m; sourceTree = "<group>"; };
		F80D06A71949BC5500356662 /* XCKeyBuilder.h */ = {isa = PBXFileReference; fileEncoding = 4; lastKnownFileType = sourcecode.c.h; path = XCKeyBuilder.h; sourceTree = "<group>"; };
		F80D06A81949BC5500356662 /* XCKeyBuilder.m */ = {isa = PBXFileReference; fileEncoding = 4; lastKnownFileType = sourcecode.c.objc; path = XCKeyBuilder.m; sourceTree = "<group>"; };
		F80D06A91949BC5500356662 /* XCAbstractDefinition.h */ = {isa = PBXFileReference; fileEncoding = 4; lastKnownFileType = sourcecode.c.h; name = XCAbstractDefinition.h; path = Dependencies/XcodeEditor/XCAbstractDefinition.h; sourceTree = "<group>"; };
		F80D06AA1949BC5500356662 /* XCAbstractDefinition.m */ = {isa = PBXFileReference; fileEncoding = 4; lastKnownFileType = sourcecode.c.objc; name = XCAbstractDefinition.m; path = Dependencies/XcodeEditor/XCAbstractDefinition.m; sourceTree = "<group>"; };
		F80D06AB1949BC5500356662 /* XCBuildConfiguration.h */ = {isa = PBXFileReference; fileEncoding = 4; lastKnownFileType = sourcecode.c.h; name = XCBuildConfiguration.h; path = Dependencies/XcodeEditor/XCBuildConfiguration.h; sourceTree = "<group>"; };
		F80D06AC1949BC5500356662 /* XCBuildConfiguration.m */ = {isa = PBXFileReference; fileEncoding = 4; lastKnownFileType = sourcecode.c.objc; name = XCBuildConfiguration.m; path = Dependencies/XcodeEditor/XCBuildConfiguration.m; sourceTree = "<group>"; };
		F80D06AD1949BC5500356662 /* XCClassDefinition.h */ = {isa = PBXFileReference; fileEncoding = 4; lastKnownFileType = sourcecode.c.h; name = XCClassDefinition.h; path = Dependencies/XcodeEditor/XCClassDefinition.h; sourceTree = "<group>"; };
		F80D06AE1949BC5500356662 /* XCClassDefinition.m */ = {isa = PBXFileReference; fileEncoding = 4; lastKnownFileType = sourcecode.c.objc; name = XCClassDefinition.m; path = Dependencies/XcodeEditor/XCClassDefinition.m; sourceTree = "<group>"; };
		F80D06AF1949BC5500356662 /* XCFileOperationQueue.h */ = {isa = PBXFileReference; fileEncoding = 4; lastKnownFileType = sourcecode.c.h; name = XCFileOperationQueue.h; path = Dependencies/XcodeEditor/XCFileOperationQueue.h; sourceTree = "<group>"; };
		F80D06B01949BC5500356662 /* XCFileOperationQueue.m */ = {isa = PBXFileReference; fileEncoding = 4; lastKnownFileType = sourcecode.c.objc; name = XCFileOperationQueue.m; path = Dependencies/XcodeEditor/XCFileOperationQueue.m; sourceTree = "<group>"; };
		F80D06B11949BC5500356662 /* XCFrameworkDefinition.h */ = {isa = PBXFileReference; fileEncoding = 4; lastKnownFileType = sourcecode.c.h; name = XCFrameworkDefinition.h; path = Dependencies/XcodeEditor/XCFrameworkDefinition.h; sourceTree = "<group>"; };
		F80D06B21949BC5500356662 /* XCFrameworkDefinition.m */ = {isa = PBXFileReference; fileEncoding = 4; lastKnownFileType = sourcecode.c.objc; name = XCFrameworkDefinition.m; path = Dependencies/XcodeEditor/XCFrameworkDefinition.m; sourceTree = "<group>"; };
		F80D06B31949BC5500356662 /* XCGroup.h */ = {isa = PBXFileReference; fileEncoding = 4; lastKnownFileType = sourcecode.c.h; name = XCGroup.h; path = Dependencies/XcodeEditor/XCGroup.h; sourceTree = "<group>"; };
		F80D06B41949BC5500356662 /* XCGroup.m */ = {isa = PBXFileReference; fileEncoding = 4; lastKnownFileType = sourcecode.c.objc; name = XCGroup.m; path = Dependencies/XcodeEditor/XCGroup.m; sourceTree = "<group>"; };
		F80D06B51949BC5500356662 /* XcodeEditor.h */ = {isa = PBXFileReference; fileEncoding = 4; lastKnownFileType = sourcecode.c.h; name = XcodeEditor.h; path = Dependencies/XcodeEditor/XcodeEditor.h; sourceTree = "<group>"; };
		F80D06B61949BC5500356662 /* XcodeGroupMember.h */ = {isa = PBXFileReference; fileEncoding = 4; lastKnownFileType = sourcecode.c.h; name = XcodeGroupMember.h; path = Dependencies/XcodeEditor/XcodeGroupMember.h; sourceTree = "<group>"; };
		F80D06B71949BC5500356662 /* XcodeMemberType.h */ = {isa = PBXFileReference; fileEncoding = 4; lastKnownFileType = sourcecode.c.h; name = XcodeMemberType.h; path = Dependencies/XcodeEditor/XcodeMemberType.h; sourceTree = "<group>"; };
		F80D06B81949BC5500356662 /* XcodeMemberType.m */ = {isa = PBXFileReference; fileEncoding = 4; lastKnownFileType = sourcecode.c.objc; name = XcodeMemberType.m; path = Dependencies/XcodeEditor/XcodeMemberType.m; sourceTree = "<group>"; };
		F80D06B91949BC5500356662 /* XcodeSourceFileType.h */ = {isa = PBXFileReference; fileEncoding = 4; lastKnownFileType = sourcecode.c.h; name = XcodeSourceFileType.h; path = Dependencies/XcodeEditor/XcodeSourceFileType.h; sourceTree = "<group>"; };
		F80D06BA1949BC5500356662 /* XcodeSourceFileType.m */ = {isa = PBXFileReference; fileEncoding = 4; lastKnownFileType = sourcecode.c.objc; name = XcodeSourceFileType.m; path = Dependencies/XcodeEditor/XcodeSourceFileType.m; sourceTree = "<group>"; };
		F80D06BB1949BC5500356662 /* XCProject.h */ = {isa = PBXFileReference; fileEncoding = 4; lastKnownFileType = sourcecode.c.h; name = XCProject.h; path = Dependencies/XcodeEditor/XCProject.h; sourceTree = "<group>"; };
		F80D06BC1949BC5500356662 /* XCProject.m */ = {isa = PBXFileReference; fileEncoding = 4; lastKnownFileType = sourcecode.c.objc; name = XCProject.m; path = Dependencies/XcodeEditor/XCProject.m; sourceTree = "<group>"; };
		F80D06BD1949BC5500356662 /* XCProject+SubProject.h */ = {isa = PBXFileReference; fileEncoding = 4; lastKnownFileType = sourcecode.c.h; name = "XCProject+SubProject.h"; path = "Dependencies/XcodeEditor/XCProject+SubProject.h"; sourceTree = "<group>"; };
		F80D06BE1949BC5500356662 /* XCProject+SubProject.m */ = {isa = PBXFileReference; fileEncoding = 4; lastKnownFileType = sourcecode.c.objc; name = "XCProject+SubProject.m"; path = "Dependencies/XcodeEditor/XCProject+SubProject.m"; sourceTree = "<group>"; };
		F80D06BF1949BC5500356662 /* XCSourceFile.h */ = {isa = PBXFileReference; fileEncoding = 4; lastKnownFileType = sourcecode.c.h; name = XCSourceFile.h; path = Dependencies/XcodeEditor/XCSourceFile.h; sourceTree = "<group>"; };
		F80D06C01949BC5500356662 /* XCSourceFile.m */ = {isa = PBXFileReference; fileEncoding = 4; lastKnownFileType = sourcecode.c.objc; name = XCSourceFile.m; path = Dependencies/XcodeEditor/XCSourceFile.m; sourceTree = "<group>"; };
		F80D06C11949BC5500356662 /* XCSourceFileDefinition.h */ = {isa = PBXFileReference; fileEncoding = 4; lastKnownFileType = sourcecode.c.h; name = XCSourceFileDefinition.h; path = Dependencies/XcodeEditor/XCSourceFileDefinition.h; sourceTree = "<group>"; };
		F80D06C21949BC5500356662 /* XCSourceFileDefinition.m */ = {isa = PBXFileReference; fileEncoding = 4; lastKnownFileType = sourcecode.c.objc; name = XCSourceFileDefinition.m; path = Dependencies/XcodeEditor/XCSourceFileDefinition.m; sourceTree = "<group>"; };
		F80D06C31949BC5500356662 /* XCSubProjectDefinition.h */ = {isa = PBXFileReference; fileEncoding = 4; lastKnownFileType = sourcecode.c.h; name = XCSubProjectDefinition.h; path = Dependencies/XcodeEditor/XCSubProjectDefinition.h; sourceTree = "<group>"; };
		F80D06C41949BC5500356662 /* XCSubProjectDefinition.m */ = {isa = PBXFileReference; fileEncoding = 4; lastKnownFileType = sourcecode.c.objc; name = XCSubProjectDefinition.m; path = Dependencies/XcodeEditor/XCSubProjectDefinition.m; sourceTree = "<group>"; };
		F80D06C51949BC5500356662 /* XCTarget.h */ = {isa = PBXFileReference; fileEncoding = 4; lastKnownFileType = sourcecode.c.h; name = XCTarget.h; path = Dependencies/XcodeEditor/XCTarget.h; sourceTree = "<group>"; };
		F80D06C61949BC5500356662 /* XCTarget.m */ = {isa = PBXFileReference; fileEncoding = 4; lastKnownFileType = sourcecode.c.objc; name = XCTarget.m; path = Dependencies/XcodeEditor/XCTarget.m; sourceTree = "<group>"; };
		F80D06C71949BC5500356662 /* XCXibDefinition.h */ = {isa = PBXFileReference; fileEncoding = 4; lastKnownFileType = sourcecode.c.h; name = XCXibDefinition.h; path = Dependencies/XcodeEditor/XCXibDefinition.h; sourceTree = "<group>"; };
		F80D06C81949BC5500356662 /* XCXibDefinition.m */ = {isa = PBXFileReference; fileEncoding = 4; lastKnownFileType = sourcecode.c.objc; name = XCXibDefinition.m; path = Dependencies/XcodeEditor/XCXibDefinition.m; sourceTree = "<group>"; };
		F80D06DA1949BC8700356662 /* OCLogTemplate.h */ = {isa = PBXFileReference; fileEncoding = 4; lastKnownFileType = sourcecode.c.h; path = OCLogTemplate.h; sourceTree = "<group>"; };
		F82433F81928092D00B20336 /* LAnnotation.h */ = {isa = PBXFileReference; fileEncoding = 4; lastKnownFileType = sourcecode.c.h; name = LAnnotation.h; path = Classes/LAnnotation.h; sourceTree = "<group>"; };
		F82433F91928092D00B20336 /* LAnnotation.m */ = {isa = PBXFileReference; fileEncoding = 4; lastKnownFileType = sourcecode.c.objc; name = LAnnotation.m; path = Classes/LAnnotation.m; sourceTree = "<group>"; };
		F865D14D1923C03600010DE7 /* Cocoa.framework */ = {isa = PBXFileReference; lastKnownFileType = wrapper.framework; name = Cocoa.framework; path = System/Library/Frameworks/Cocoa.framework; sourceTree = SDKROOT; };
		F87CAFC61923DD9D007BDCB5 /* DVTDualProxyWindow.h */ = {isa = PBXFileReference; lastKnownFileType = sourcecode.c.h; name = DVTDualProxyWindow.h; path = "Xcode-Private-Classes/DVTDualProxyWindow.h"; sourceTree = "<group>"; };
		F87CAFC71923DD9D007BDCB5 /* DVTFilePath.h */ = {isa = PBXFileReference; lastKnownFileType = sourcecode.c.h; name = DVTFilePath.h; path = "Xcode-Private-Classes/DVTFilePath.h"; sourceTree = "<group>"; };
		F87CAFC81923DD9D007BDCB5 /* DVTSourceTextView.h */ = {isa = PBXFileReference; lastKnownFileType = sourcecode.c.h; name = DVTSourceTextView.h; path = "Xcode-Private-Classes/DVTSourceTextView.h"; sourceTree = "<group>"; };
		F87CAFC91923DD9D007BDCB5 /* IDEEditorDocument.h */ = {isa = PBXFileReference; lastKnownFileType = sourcecode.c.h; name = IDEEditorDocument.h; path = "Xcode-Private-Classes/IDEEditorDocument.h"; sourceTree = "<group>"; };
		F87CAFCA1923DD9D007BDCB5 /* IDEIndex.h */ = {isa = PBXFileReference; lastKnownFileType = sourcecode.c.h; name = IDEIndex.h; path = "Xcode-Private-Classes/IDEIndex.h"; sourceTree = "<group>"; };
		F87CAFCB1923DD9D007BDCB5 /* IDEIndexCollection.h */ = {isa = PBXFileReference; lastKnownFileType = sourcecode.c.h; name = IDEIndexCollection.h; path = "Xcode-Private-Classes/IDEIndexCollection.h"; sourceTree = "<group>"; };
		F87CAFCC1923DD9D007BDCB5 /* IDEWorkspace.h */ = {isa = PBXFileReference; lastKnownFileType = sourcecode.c.h; name = IDEWorkspace.h; path = "Xcode-Private-Classes/IDEWorkspace.h"; sourceTree = "<group>"; };
		F87CAFCD1923DD9D007BDCB5 /* IDEWorkspaceWindow.h */ = {isa = PBXFileReference; lastKnownFileType = sourcecode.c.h; name = IDEWorkspaceWindow.h; path = "Xcode-Private-Classes/IDEWorkspaceWindow.h"; sourceTree = "<group>"; };
		F87CAFCE1923FBCE007BDCB5 /* DVTKit.framework */ = {isa = PBXFileReference; lastKnownFileType = wrapper.framework; name = DVTKit.framework; path = ../../../../../Applications/Xcode.app/Contents/SharedFrameworks/DVTKit.framework; sourceTree = "<group>"; };
		F87CAFD01923FBD4007BDCB5 /* DVTFoundation.framework */ = {isa = PBXFileReference; lastKnownFileType = wrapper.framework; name = DVTFoundation.framework; path = ../../../../../Applications/Xcode.app/Contents/SharedFrameworks/DVTFoundation.framework; sourceTree = "<group>"; };
		F87CAFD21923FBF7007BDCB5 /* IDEFoundation.framework */ = {isa = PBXFileReference; lastKnownFileType = wrapper.framework; name = IDEFoundation.framework; path = ../../../../../Applications/Xcode.app/Contents/Frameworks/IDEFoundation.framework; sourceTree = "<group>"; };
		F87CAFD31923FBF7007BDCB5 /* IDEKit.framework */ = {isa = PBXFileReference; lastKnownFileType = wrapper.framework; name = IDEKit.framework; path = ../../../../../Applications/Xcode.app/Contents/Frameworks/IDEKit.framework; sourceTree = "<group>"; };
		F89831C91926DD6C00839785 /* LWindow.h */ = {isa = PBXFileReference; fileEncoding = 4; lastKnownFileType = sourcecode.c.h; path = LWindow.h; sourceTree = "<group>"; };
		F89831CA1926DD6C00839785 /* LWindow.m */ = {isa = PBXFileReference; fileEncoding = 4; lastKnownFileType = sourcecode.c.objc; path = LWindow.m; sourceTree = "<group>"; };
		F8A3EDDA1947B0EC00123269 /* LWorkspaceView.h */ = {isa = PBXFileReference; fileEncoding = 4; lastKnownFileType = sourcecode.c.h; path = LWorkspaceView.h; sourceTree = "<group>"; };
		F8A3EDDB1947B0EC00123269 /* LWorkspaceView.m */ = {isa = PBXFileReference; fileEncoding = 4; lastKnownFileType = sourcecode.c.objc; path = LWorkspaceView.m; sourceTree = "<group>"; };
		F8AC30F01926BF6400E07ECB /* LWindow.xib */ = {isa = PBXFileReference; fileEncoding = 4; lastKnownFileType = file.xib; path = LWindow.xib; sourceTree = "<group>"; };
		F8B1215A1926607D00BC4756 /* NSString+Gpx.h */ = {isa = PBXFileReference; fileEncoding = 4; lastKnownFileType = sourcecode.c.h; name = "NSString+Gpx.h"; path = "Categories/NSString+Gpx.h"; sourceTree = "<group>"; };
		F8B1215B1926607D00BC4756 /* NSString+Gpx.m */ = {isa = PBXFileReference; fileEncoding = 4; lastKnownFileType = sourcecode.c.objc; name = "NSString+Gpx.m"; path = "Categories/NSString+Gpx.m"; sourceTree = "<group>"; };
		F8BAE4401927D5A400A0FAA7 /* MapKit.framework */ = {isa = PBXFileReference; lastKnownFileType = wrapper.framework; name = MapKit.framework; path = System/Library/Frameworks/MapKit.framework; sourceTree = SDKROOT; };
		F8BB5AC41947A1B200EFB5D5 /* LWorkspace.h */ = {isa = PBXFileReference; fileEncoding = 4; lastKnownFileType = sourcecode.c.h; name = LWorkspace.h; path = Classes/LWorkspace.h; sourceTree = "<group>"; };
		F8BB5AC51947A1B200EFB5D5 /* LWorkspace.m */ = {isa = PBXFileReference; fileEncoding = 4; lastKnownFileType = sourcecode.c.objc; name = LWorkspace.m; path = Classes/LWorkspace.m; sourceTree = "<group>"; };
		F8E46B541949B51000C43E8F /* XcodeEditor.framework */ = {isa = PBXFileReference; lastKnownFileType = wrapper.framework; name = XcodeEditor.framework; path = Dependencies/XcodeEditor/build/Debug/XcodeEditor.framework; sourceTree = "<group>"; };
		F8E46B561949B5C200C43E8F /* XcodeEditor.framework */ = {isa = PBXFileReference; lastKnownFileType = wrapper.framework; name = XcodeEditor.framework; path = "../../../../Library/Developer/Xcode/DerivedData/XLocation-bvfsktypljbpaqcugmxxgbcspdud/Build/Products/Debug/XcodeEditor.framework"; sourceTree = "<group>"; };
		F8F4673B19488621003B753B /* RMBlurredView.h */ = {isa = PBXFileReference; fileEncoding = 4; lastKnownFileType = sourcecode.c.h; name = RMBlurredView.h; path = Views/RMBlurredView.h; sourceTree = "<group>"; };
		F8F4673C19488621003B753B /* RMBlurredView.m */ = {isa = PBXFileReference; fileEncoding = 4; lastKnownFileType = sourcecode.c.objc; name = RMBlurredView.m; path = Views/RMBlurredView.m; sourceTree = "<group>"; };
/* End PBXFileReference section */

/* Begin PBXFrameworksBuildPhase section */
		F80094C019238C230005112D /* Frameworks */ = {
			isa = PBXFrameworksBuildPhase;
			buildActionMask = 2147483647;
			files = (
				F8BAE4411927D5A400A0FAA7 /* MapKit.framework in Frameworks */,
				F865D14E1923C03600010DE7 /* Cocoa.framework in Frameworks */,
				F87CAFCF1923FBCE007BDCB5 /* DVTKit.framework in Frameworks */,
				F87CAFD11923FBD4007BDCB5 /* DVTFoundation.framework in Frameworks */,
				F87CAFD41923FBF7007BDCB5 /* IDEFoundation.framework in Frameworks */,
				F87CAFD51923FBF7007BDCB5 /* IDEKit.framework in Frameworks */,
				F80094C719238C230005112D /* AppKit.framework in Frameworks */,
				F80094C919238C230005112D /* Foundation.framework in Frameworks */,
			);
			runOnlyForDeploymentPostprocessing = 0;
		};
/* End PBXFrameworksBuildPhase section */

/* Begin PBXGroup section */
		F80094BA19238C230005112D = {
			isa = PBXGroup;
			children = (
				F80D06751949BB7200356662 /* Dependencies */,
				F80094CA19238C230005112D /* XLocation */,
				F80094C519238C230005112D /* Frameworks */,
				F80094C419238C230005112D /* Products */,
			);
			sourceTree = "<group>";
		};
		F80094C419238C230005112D /* Products */ = {
			isa = PBXGroup;
			children = (
				F80094C319238C230005112D /* XLocation.xcplugin */,
			);
			name = Products;
			sourceTree = "<group>";
		};
		F80094C519238C230005112D /* Frameworks */ = {
			isa = PBXGroup;
			children = (
				F8E46B561949B5C200C43E8F /* XcodeEditor.framework */,
				F8E46B541949B51000C43E8F /* XcodeEditor.framework */,
				F8BAE4401927D5A400A0FAA7 /* MapKit.framework */,
				F87CAFD21923FBF7007BDCB5 /* IDEFoundation.framework */,
				F87CAFD31923FBF7007BDCB5 /* IDEKit.framework */,
				F87CAFD01923FBD4007BDCB5 /* DVTFoundation.framework */,
				F87CAFCE1923FBCE007BDCB5 /* DVTKit.framework */,
				F865D14D1923C03600010DE7 /* Cocoa.framework */,
				F80094C619238C230005112D /* AppKit.framework */,
				F80094C819238C230005112D /* Foundation.framework */,
			);
			name = Frameworks;
			sourceTree = "<group>";
		};
		F80094CA19238C230005112D /* XLocation */ = {
			isa = PBXGroup;
			children = (
				F8F4673A19488605003B753B /* Views */,
				F82433F71928089400B20336 /* Classes */,
				F8B121591926603100BC4756 /* Categories */,
				F89831C91926DD6C00839785 /* LWindow.h */,
				F89831CA1926DD6C00839785 /* LWindow.m */,
				F8AC30F01926BF6400E07ECB /* LWindow.xib */,
				F80094D019238C230005112D /* LXLocation.h */,
				F80094D119238C230005112D /* LXLocation.m */,
				F80094CB19238C230005112D /* Supporting Files */,
				F87CAFC51923DD26007BDCB5 /* Xcode-Private-Classes */,
			);
			path = XLocation;
			sourceTree = "<group>";
		};
		F80094CB19238C230005112D /* Supporting Files */ = {
			isa = PBXGroup;
			children = (
				F80094CC19238C230005112D /* XLocation-Info.plist */,
				F80094CD19238C230005112D /* InfoPlist.strings */,
				F80094D319238C230005112D /* XLocation-Prefix.pch */,
			);
			name = "Supporting Files";
			sourceTree = "<group>";
		};
		F80D06751949BB7200356662 /* Dependencies */ = {
			isa = PBXGroup;
			children = (
				F80D06D91949BC8700356662 /* OCLogTemplate */,
				F80D06761949BB9400356662 /* XcodeEditor */,
			);
			name = Dependencies;
			sourceTree = "<group>";
		};
		F80D06761949BB9400356662 /* XcodeEditor */ = {
			isa = PBXGroup;
			children = (
				F80D06A61949BC5500356662 /* Utils */,
				F80D06A91949BC5500356662 /* XCAbstractDefinition.h */,
				F80D06AA1949BC5500356662 /* XCAbstractDefinition.m */,
				F80D06AB1949BC5500356662 /* XCBuildConfiguration.h */,
				F80D06AC1949BC5500356662 /* XCBuildConfiguration.m */,
				F80D06AD1949BC5500356662 /* XCClassDefinition.h */,
				F80D06AE1949BC5500356662 /* XCClassDefinition.m */,
				F80D06AF1949BC5500356662 /* XCFileOperationQueue.h */,
				F80D06B01949BC5500356662 /* XCFileOperationQueue.m */,
				F80D06B11949BC5500356662 /* XCFrameworkDefinition.h */,
				F80D06B21949BC5500356662 /* XCFrameworkDefinition.m */,
				F80D06B31949BC5500356662 /* XCGroup.h */,
				F80D06B41949BC5500356662 /* XCGroup.m */,
				F80D06B51949BC5500356662 /* XcodeEditor.h */,
				F80D06B61949BC5500356662 /* XcodeGroupMember.h */,
				F80D06B71949BC5500356662 /* XcodeMemberType.h */,
				F80D06B81949BC5500356662 /* XcodeMemberType.m */,
				F80D06B91949BC5500356662 /* XcodeSourceFileType.h */,
				F80D06BA1949BC5500356662 /* XcodeSourceFileType.m */,
				F80D06BB1949BC5500356662 /* XCProject.h */,
				F80D06BC1949BC5500356662 /* XCProject.m */,
				F80D06BD1949BC5500356662 /* XCProject+SubProject.h */,
				F80D06BE1949BC5500356662 /* XCProject+SubProject.m */,
				F80D06BF1949BC5500356662 /* XCSourceFile.h */,
				F80D06C01949BC5500356662 /* XCSourceFile.m */,
				F80D06C11949BC5500356662 /* XCSourceFileDefinition.h */,
				F80D06C21949BC5500356662 /* XCSourceFileDefinition.m */,
				F80D06C31949BC5500356662 /* XCSubProjectDefinition.h */,
				F80D06C41949BC5500356662 /* XCSubProjectDefinition.m */,
				F80D06C51949BC5500356662 /* XCTarget.h */,
				F80D06C61949BC5500356662 /* XCTarget.m */,
				F80D06C71949BC5500356662 /* XCXibDefinition.h */,
				F80D06C81949BC5500356662 /* XCXibDefinition.m */,
			);
			name = XcodeEditor;
			sourceTree = "<group>";
		};
		F80D06A61949BC5500356662 /* Utils */ = {
			isa = PBXGroup;
			children = (
				F80D06A71949BC5500356662 /* XCKeyBuilder.h */,
				F80D06A81949BC5500356662 /* XCKeyBuilder.m */,
			);
			name = Utils;
			path = Dependencies/XcodeEditor/Utils;
			sourceTree = "<group>";
		};
		F80D06D91949BC8700356662 /* OCLogTemplate */ = {
			isa = PBXGroup;
			children = (
				F80D06DA1949BC8700356662 /* OCLogTemplate.h */,
			);
			name = OCLogTemplate;
			path = Dependencies/OCLogTemplate;
			sourceTree = "<group>";
		};
		F82433F71928089400B20336 /* Classes */ = {
			isa = PBXGroup;
			children = (
				F82433F81928092D00B20336 /* LAnnotation.h */,
				F82433F91928092D00B20336 /* LAnnotation.m */,
				F8BB5AC41947A1B200EFB5D5 /* LWorkspace.h */,
				F8BB5AC51947A1B200EFB5D5 /* LWorkspace.m */,
			);
			name = Classes;
			sourceTree = "<group>";
		};
		F87CAFC51923DD26007BDCB5 /* Xcode-Private-Classes */ = {
			isa = PBXGroup;
			children = (
				F87CAFC61923DD9D007BDCB5 /* DVTDualProxyWindow.h */,
				F87CAFC71923DD9D007BDCB5 /* DVTFilePath.h */,
				F87CAFC81923DD9D007BDCB5 /* DVTSourceTextView.h */,
				F87CAFC91923DD9D007BDCB5 /* IDEEditorDocument.h */,
				F87CAFCA1923DD9D007BDCB5 /* IDEIndex.h */,
				F87CAFCB1923DD9D007BDCB5 /* IDEIndexCollection.h */,
				F87CAFCC1923DD9D007BDCB5 /* IDEWorkspace.h */,
				F87CAFCD1923DD9D007BDCB5 /* IDEWorkspaceWindow.h */,
			);
			name = "Xcode-Private-Classes";
			sourceTree = "<group>";
		};
		F8B121591926603100BC4756 /* Categories */ = {
			isa = PBXGroup;
			children = (
				F8B1215A1926607D00BC4756 /* NSString+Gpx.h */,
				F8B1215B1926607D00BC4756 /* NSString+Gpx.m */,
			);
			name = Categories;
			sourceTree = "<group>";
		};
		F8F4673A19488605003B753B /* Views */ = {
			isa = PBXGroup;
			children = (
				F8A3EDDA1947B0EC00123269 /* LWorkspaceView.h */,
				F8A3EDDB1947B0EC00123269 /* LWorkspaceView.m */,
				F80326DC1927EC7500BE9148 /* LMapView.h */,
				F80326DD1927EC7500BE9148 /* LMapView.m */,
				F8F4673B19488621003B753B /* RMBlurredView.h */,
				F8F4673C19488621003B753B /* RMBlurredView.m */,
			);
			name = Views;
			sourceTree = "<group>";
		};
/* End PBXGroup section */

/* Begin PBXNativeTarget section */
		F80094C219238C230005112D /* XLocation */ = {
			isa = PBXNativeTarget;
			buildConfigurationList = F80094D619238C230005112D /* Build configuration list for PBXNativeTarget "XLocation" */;
			buildPhases = (
				F80094BF19238C230005112D /* Sources */,
				F80094C019238C230005112D /* Frameworks */,
				F80094C119238C230005112D /* Resources */,
			);
			buildRules = (
			);
			dependencies = (
			);
			name = XLocation;
			productName = XLocation;
			productReference = F80094C319238C230005112D /* XLocation.xcplugin */;
			productType = "com.apple.product-type.bundle";
		};
/* End PBXNativeTarget section */

/* Begin PBXProject section */
		F80094BB19238C230005112D /* Project object */ = {
			isa = PBXProject;
			attributes = {
				CLASSPREFIX = L;
				LastUpgradeCheck = 0510;
				ORGANIZATIONNAME = StefanLage;
			};
			buildConfigurationList = F80094BE19238C230005112D /* Build configuration list for PBXProject "XLocation" */;
			compatibilityVersion = "Xcode 3.2";
			developmentRegion = English;
			hasScannedForEncodings = 0;
			knownRegions = (
				en,
			);
			mainGroup = F80094BA19238C230005112D;
			productRefGroup = F80094C419238C230005112D /* Products */;
			projectDirPath = "";
			projectRoot = "";
			targets = (
				F80094C219238C230005112D /* XLocation */,
			);
		};
/* End PBXProject section */

/* Begin PBXResourcesBuildPhase section */
		F80094C119238C230005112D /* Resources */ = {
			isa = PBXResourcesBuildPhase;
			buildActionMask = 2147483647;
			files = (
				F8AC30F11926BF6400E07ECB /* LWindow.xib in Resources */,
				F80094CF19238C230005112D /* InfoPlist.strings in Resources */,
			);
			runOnlyForDeploymentPostprocessing = 0;
		};
/* End PBXResourcesBuildPhase section */

/* Begin PBXSourcesBuildPhase section */
		F80094BF19238C230005112D /* Sources */ = {
			isa = PBXSourcesBuildPhase;
			buildActionMask = 2147483647;
			files = (
				F80D06C91949BC5500356662 /* XCKeyBuilder.m in Sources */,
				F8BB5AC61947A1B200EFB5D5 /* LWorkspace.m in Sources */,
				F80D06D51949BC5500356662 /* XCSourceFileDefinition.m in Sources */,
				F82433FA1928092D00B20336 /* LAnnotation.m in Sources */,
				F80D06CA1949BC5500356662 /* XCAbstractDefinition.m in Sources */,
				F80D06D11949BC5500356662 /* XcodeSourceFileType.m in Sources */,
				F89831CB1926DD6C00839785 /* LWindow.m in Sources */,
				F8B1215C1926607D00BC4756 /* NSString+Gpx.m in Sources */,
				F8F4673D19488621003B753B /* RMBlurredView.m in Sources */,
				F80D06D21949BC5500356662 /* XCProject.m in Sources */,
				F80D06D71949BC5500356662 /* XCTarget.m in Sources */,
				F80326DE1927EC7500BE9148 /* LMapView.m in Sources */,
				F80D06CF1949BC5500356662 /* XCGroup.m in Sources */,
				F80D06D01949BC5500356662 /* XcodeMemberType.m in Sources */,
				F80D06CE1949BC5500356662 /* XCFrameworkDefinition.m in Sources */,
				F80D06D41949BC5500356662 /* XCSourceFile.m in Sources */,
				F80D06CC1949BC5500356662 /* XCClassDefinition.m in Sources */,
				F80D06D31949BC5500356662 /* XCProject+SubProject.m in Sources */,
				F80094D219238C230005112D /* LXLocation.m in Sources */,
				F80D06D81949BC5500356662 /* XCXibDefinition.m in Sources */,
				F80D06CB1949BC5500356662 /* XCBuildConfiguration.m in Sources */,
				F8A3EDDC1947B0EC00123269 /* LWorkspaceView.m in Sources */,
				F80D06D61949BC5500356662 /* XCSubProjectDefinition.m in Sources */,
				F80D06CD1949BC5500356662 /* XCFileOperationQueue.m in Sources */,
			);
			runOnlyForDeploymentPostprocessing = 0;
		};
/* End PBXSourcesBuildPhase section */

/* Begin PBXVariantGroup section */
		F80094CD19238C230005112D /* InfoPlist.strings */ = {
			isa = PBXVariantGroup;
			children = (
				F80094CE19238C230005112D /* en */,
			);
			name = InfoPlist.strings;
			sourceTree = "<group>";
		};
/* End PBXVariantGroup section */

/* Begin XCBuildConfiguration section */
		F80094D419238C230005112D /* Debug */ = {
			isa = XCBuildConfiguration;
			buildSettings = {
				ALWAYS_SEARCH_USER_PATHS = NO;
				CLANG_CXX_LANGUAGE_STANDARD = "gnu++0x";
				CLANG_CXX_LIBRARY = "libc++";
				CLANG_ENABLE_MODULES = YES;
				CLANG_ENABLE_OBJC_ARC = YES;
				CLANG_WARN_BOOL_CONVERSION = YES;
				CLANG_WARN_CONSTANT_CONVERSION = YES;
				CLANG_WARN_DIRECT_OBJC_ISA_USAGE = YES_ERROR;
				CLANG_WARN_EMPTY_BODY = YES;
				CLANG_WARN_ENUM_CONVERSION = YES;
				CLANG_WARN_INT_CONVERSION = YES;
				CLANG_WARN_OBJC_ROOT_CLASS = YES_ERROR;
				CLANG_WARN__DUPLICATE_METHOD_MATCH = YES;
				COPY_PHASE_STRIP = NO;
				GCC_C_LANGUAGE_STANDARD = gnu99;
				GCC_DYNAMIC_NO_PIC = NO;
				GCC_ENABLE_OBJC_EXCEPTIONS = YES;
				GCC_OPTIMIZATION_LEVEL = 0;
				GCC_PREPROCESSOR_DEFINITIONS = (
					"DEBUG=1",
					"$(inherited)",
				);
				GCC_SYMBOLS_PRIVATE_EXTERN = NO;
				GCC_WARN_64_TO_32_BIT_CONVERSION = YES;
				GCC_WARN_ABOUT_RETURN_TYPE = YES_ERROR;
				GCC_WARN_UNDECLARED_SELECTOR = YES;
				GCC_WARN_UNINITIALIZED_AUTOS = YES_AGGRESSIVE;
				GCC_WARN_UNUSED_FUNCTION = YES;
				GCC_WARN_UNUSED_VARIABLE = YES;
				MACOSX_DEPLOYMENT_TARGET = 10.9;
				ONLY_ACTIVE_ARCH = YES;
				SDKROOT = macosx;
			};
			name = Debug;
		};
		F80094D519238C230005112D /* Release */ = {
			isa = XCBuildConfiguration;
			buildSettings = {
				ALWAYS_SEARCH_USER_PATHS = NO;
				CLANG_CXX_LANGUAGE_STANDARD = "gnu++0x";
				CLANG_CXX_LIBRARY = "libc++";
				CLANG_ENABLE_MODULES = YES;
				CLANG_ENABLE_OBJC_ARC = YES;
				CLANG_WARN_BOOL_CONVERSION = YES;
				CLANG_WARN_CONSTANT_CONVERSION = YES;
				CLANG_WARN_DIRECT_OBJC_ISA_USAGE = YES_ERROR;
				CLANG_WARN_EMPTY_BODY = YES;
				CLANG_WARN_ENUM_CONVERSION = YES;
				CLANG_WARN_INT_CONVERSION = YES;
				CLANG_WARN_OBJC_ROOT_CLASS = YES_ERROR;
				CLANG_WARN__DUPLICATE_METHOD_MATCH = YES;
				COPY_PHASE_STRIP = YES;
				DEBUG_INFORMATION_FORMAT = "dwarf-with-dsym";
				ENABLE_NS_ASSERTIONS = NO;
				GCC_C_LANGUAGE_STANDARD = gnu99;
				GCC_ENABLE_OBJC_EXCEPTIONS = YES;
				GCC_WARN_64_TO_32_BIT_CONVERSION = YES;
				GCC_WARN_ABOUT_RETURN_TYPE = YES_ERROR;
				GCC_WARN_UNDECLARED_SELECTOR = YES;
				GCC_WARN_UNINITIALIZED_AUTOS = YES_AGGRESSIVE;
				GCC_WARN_UNUSED_FUNCTION = YES;
				GCC_WARN_UNUSED_VARIABLE = YES;
				MACOSX_DEPLOYMENT_TARGET = 10.9;
				SDKROOT = macosx;
			};
			name = Release;
		};
		F80094D719238C230005112D /* Debug */ = {
			isa = XCBuildConfiguration;
			buildSettings = {
				COMBINE_HIDPI_IMAGES = YES;
				DEPLOYMENT_LOCATION = YES;
				DSTROOT = "$(HOME)";
				FRAMEWORK_SEARCH_PATHS = (
					"$(inherited)",
					"$(SYSTEM_APPS_DIR)/Xcode.app/Contents/SharedFrameworks",
					"$(SYSTEM_APPS_DIR)/Xcode.app/Contents/Frameworks",
				);
				GCC_PRECOMPILE_PREFIX_HEADER = YES;
				GCC_PREFIX_HEADER = "XLocation/XLocation-Prefix.pch";
				HEADER_SEARCH_PATHS = (
					"$(inherited)",
					/Applications/Xcode.app/Contents/Developer/Toolchains/XcodeDefault.xctoolchain/usr/include,
					./Dependencies/XcodeEditor/Source/Main,
				);
				INFOPLIST_FILE = "XLocation/XLocation-Info.plist";
				INSTALL_PATH = "/Library/Application Support/Developer/Shared/Xcode/Plug-ins";
				PRODUCT_NAME = "$(TARGET_NAME)";
				WRAPPER_EXTENSION = xcplugin;
			};
			name = Debug;
		};
		F80094D819238C230005112D /* Release */ = {
			isa = XCBuildConfiguration;
			buildSettings = {
				COMBINE_HIDPI_IMAGES = YES;
				DEPLOYMENT_LOCATION = YES;
				DSTROOT = "$(HOME)";
				FRAMEWORK_SEARCH_PATHS = (
					"$(inherited)",
					"$(SYSTEM_APPS_DIR)/Xcode.app/Contents/SharedFrameworks",
					"$(SYSTEM_APPS_DIR)/Xcode.app/Contents/Frameworks",
				);
				GCC_PRECOMPILE_PREFIX_HEADER = YES;
				GCC_PREFIX_HEADER = "XLocation/XLocation-Prefix.pch";
				HEADER_SEARCH_PATHS = (
					"$(inherited)",
					/Applications/Xcode.app/Contents/Developer/Toolchains/XcodeDefault.xctoolchain/usr/include,
					./Dependencies/XcodeEditor/Source/Main,
				);
				INFOPLIST_FILE = "XLocation/XLocation-Info.plist";
				INSTALL_PATH = "/Library/Application Support/Developer/Shared/Xcode/Plug-ins";
				PRODUCT_NAME = "$(TARGET_NAME)";
				WRAPPER_EXTENSION = xcplugin;
			};
			name = Release;
		};
/* End XCBuildConfiguration section */

/* Begin XCConfigurationList section */
		F80094BE19238C230005112D /* Build configuration list for PBXProject "XLocation" */ = {
			isa = XCConfigurationList;
			buildConfigurations = (
				F80094D419238C230005112D /* Debug */,
				F80094D519238C230005112D /* Release */,
			);
			defaultConfigurationIsVisible = 0;
			defaultConfigurationName = Release;
		};
		F80094D619238C230005112D /* Build configuration list for PBXNativeTarget "XLocation" */ = {
			isa = XCConfigurationList;
			buildConfigurations = (
				F80094D719238C230005112D /* Debug */,
				F80094D819238C230005112D /* Release */,
			);
			defaultConfigurationIsVisible = 0;
			defaultConfigurationName = Release;
		};
/* End XCConfigurationList section */
	};
	rootObject = F80094BB19238C230005112D /* Project object */;
}
