// !$*UTF8*$!
{
	archiveVersion = 1;
	classes = {
	};
	objectVersion = 46;
	objects = {

/* Begin PBXBuildFile section */
		F83AD4C11BAB1C7800FF665A /* AppKit.framework in Frameworks */ = {isa = PBXBuildFile; fileRef = F83AD4C01BAB1C7800FF665A /* AppKit.framework */; };
		F83AD4C31BAB1C7800FF665A /* Foundation.framework in Frameworks */ = {isa = PBXBuildFile; fileRef = F83AD4C21BAB1C7800FF665A /* Foundation.framework */; };
		F83AD4C81BAB1C7800FF665A /* XLocation.xcscheme in Resources */ = {isa = PBXBuildFile; fileRef = F83AD4C71BAB1C7800FF665A /* XLocation.xcscheme */; };
		F83AD4CB1BAB1C7800FF665A /* XLocation.m in Sources */ = {isa = PBXBuildFile; fileRef = F83AD4CA1BAB1C7800FF665A /* XLocation.m */; };
		F83AD4CE1BAB1C7800FF665A /* NSObject_Extension.m in Sources */ = {isa = PBXBuildFile; fileRef = F83AD4CD1BAB1C7800FF665A /* NSObject_Extension.m */; };
		F83AD4FC1BAB1CCD00FF665A /* README in Resources */ = {isa = PBXBuildFile; fileRef = F83AD4D71BAB1CCD00FF665A /* README */; };
		F83AD4FD1BAB1CCD00FF665A /* XCKeyBuilder.m in Sources */ = {isa = PBXBuildFile; fileRef = F83AD4DB1BAB1CCD00FF665A /* XCKeyBuilder.m */; };
		F83AD4FE1BAB1CCD00FF665A /* XCAbstractDefinition.m in Sources */ = {isa = PBXBuildFile; fileRef = F83AD4DD1BAB1CCD00FF665A /* XCAbstractDefinition.m */; };
		F83AD4FF1BAB1CCD00FF665A /* XCBuildConfiguration.m in Sources */ = {isa = PBXBuildFile; fileRef = F83AD4DF1BAB1CCD00FF665A /* XCBuildConfiguration.m */; };
		F83AD5001BAB1CCD00FF665A /* XCClassDefinition.m in Sources */ = {isa = PBXBuildFile; fileRef = F83AD4E11BAB1CCD00FF665A /* XCClassDefinition.m */; };
		F83AD5011BAB1CCD00FF665A /* XCFileOperationQueue.m in Sources */ = {isa = PBXBuildFile; fileRef = F83AD4E31BAB1CCD00FF665A /* XCFileOperationQueue.m */; };
		F83AD5021BAB1CCD00FF665A /* XCFrameworkDefinition.m in Sources */ = {isa = PBXBuildFile; fileRef = F83AD4E51BAB1CCD00FF665A /* XCFrameworkDefinition.m */; };
		F83AD5031BAB1CCD00FF665A /* XCGroup.m in Sources */ = {isa = PBXBuildFile; fileRef = F83AD4E71BAB1CCD00FF665A /* XCGroup.m */; };
		F83AD5041BAB1CCD00FF665A /* XcodeMemberType.m in Sources */ = {isa = PBXBuildFile; fileRef = F83AD4EB1BAB1CCD00FF665A /* XcodeMemberType.m */; };
		F83AD5051BAB1CCD00FF665A /* XcodeSourceFileType.m in Sources */ = {isa = PBXBuildFile; fileRef = F83AD4ED1BAB1CCD00FF665A /* XcodeSourceFileType.m */; };
		F83AD5061BAB1CCD00FF665A /* XCProject+SubProject.m in Sources */ = {isa = PBXBuildFile; fileRef = F83AD4EF1BAB1CCD00FF665A /* XCProject+SubProject.m */; };
		F83AD5071BAB1CCD00FF665A /* XCProject.m in Sources */ = {isa = PBXBuildFile; fileRef = F83AD4F11BAB1CCD00FF665A /* XCProject.m */; };
		F83AD5081BAB1CCD00FF665A /* XCSourceFile.m in Sources */ = {isa = PBXBuildFile; fileRef = F83AD4F31BAB1CCD00FF665A /* XCSourceFile.m */; };
		F83AD5091BAB1CCD00FF665A /* XCSourceFileDefinition.m in Sources */ = {isa = PBXBuildFile; fileRef = F83AD4F51BAB1CCD00FF665A /* XCSourceFileDefinition.m */; };
		F83AD50A1BAB1CCD00FF665A /* XCSubProjectDefinition.m in Sources */ = {isa = PBXBuildFile; fileRef = F83AD4F71BAB1CCD00FF665A /* XCSubProjectDefinition.m */; };
		F83AD50B1BAB1CCD00FF665A /* XCTarget.m in Sources */ = {isa = PBXBuildFile; fileRef = F83AD4F91BAB1CCD00FF665A /* XCTarget.m */; };
		F83AD50C1BAB1CCD00FF665A /* XCXibDefinition.m in Sources */ = {isa = PBXBuildFile; fileRef = F83AD4FB1BAB1CCD00FF665A /* XCXibDefinition.m */; };
		F83AD50F1BAB203500FF665A /* MapKit.framework in Frameworks */ = {isa = PBXBuildFile; fileRef = F83AD50E1BAB203500FF665A /* MapKit.framework */; };
		F83AD5111BAB203C00FF665A /* Cocoa.framework in Frameworks */ = {isa = PBXBuildFile; fileRef = F83AD5101BAB203C00FF665A /* Cocoa.framework */; };
		F83AD5141BAB205E00FF665A /* DVTFoundation.framework in Frameworks */ = {isa = PBXBuildFile; fileRef = F83AD5121BAB205E00FF665A /* DVTFoundation.framework */; };
		F83AD5151BAB205E00FF665A /* DVTKit.framework in Frameworks */ = {isa = PBXBuildFile; fileRef = F83AD5131BAB205E00FF665A /* DVTKit.framework */; };
		F83AD5181BAB206B00FF665A /* IDEFoundation.framework in Frameworks */ = {isa = PBXBuildFile; fileRef = F83AD5161BAB206B00FF665A /* IDEFoundation.framework */; };
		F83AD5191BAB206B00FF665A /* IDEKit.framework in Frameworks */ = {isa = PBXBuildFile; fileRef = F83AD5171BAB206B00FF665A /* IDEKit.framework */; };
		F85452F01BAB5AA900B927A0 /* NSString+Gpx.m in Sources */ = {isa = PBXBuildFile; fileRef = F85452D71BAB5AA800B927A0 /* NSString+Gpx.m */; };
		F85452F11BAB5AA900B927A0 /* XLAnnotation.m in Sources */ = {isa = PBXBuildFile; fileRef = F85452DA1BAB5AA800B927A0 /* XLAnnotation.m */; };
		F85452F21BAB5AA900B927A0 /* XLWorkspace.m in Sources */ = {isa = PBXBuildFile; fileRef = F85452DC1BAB5AA800B927A0 /* XLWorkspace.m */; };
		F85452F31BAB5AA900B927A0 /* XLMapView.m in Sources */ = {isa = PBXBuildFile; fileRef = F85452DE1BAB5AA800B927A0 /* XLMapView.m */; };
		F85452F41BAB5AA900B927A0 /* XLWindow.m in Sources */ = {isa = PBXBuildFile; fileRef = F85452E01BAB5AA800B927A0 /* XLWindow.m */; };
		F85452F51BAB5AA900B927A0 /* XLWindow.xib in Resources */ = {isa = PBXBuildFile; fileRef = F85452E11BAB5AA800B927A0 /* XLWindow.xib */; };
		F85452F61BAB5AA900B927A0 /* XLWorkspaceView.m in Sources */ = {isa = PBXBuildFile; fileRef = F85452E31BAB5AA900B927A0 /* XLWorkspaceView.m */; };
		F85452F71BAB5AA900B927A0 /* RMBlurredView.m in Sources */ = {isa = PBXBuildFile; fileRef = F85452E61BAB5AA900B927A0 /* RMBlurredView.m */; };
/* End PBXBuildFile section */

/* Begin PBXFileReference section */
		F83AD4BD1BAB1C7800FF665A /* XLocation.xcplugin */ = {isa = PBXFileReference; explicitFileType = wrapper.cfbundle; includeInIndex = 0; path = XLocation.xcplugin; sourceTree = BUILT_PRODUCTS_DIR; };
		F83AD4C01BAB1C7800FF665A /* AppKit.framework */ = {isa = PBXFileReference; lastKnownFileType = wrapper.framework; name = AppKit.framework; path = /System/Library/Frameworks/AppKit.framework; sourceTree = "<absolute>"; };
		F83AD4C21BAB1C7800FF665A /* Foundation.framework */ = {isa = PBXFileReference; lastKnownFileType = wrapper.framework; name = Foundation.framework; path = /System/Library/Frameworks/Foundation.framework; sourceTree = "<absolute>"; };
		F83AD4C61BAB1C7800FF665A /* Info.plist */ = {isa = PBXFileReference; lastKnownFileType = text.plist.xml; path = Info.plist; sourceTree = "<group>"; };
		F83AD4C71BAB1C7800FF665A /* XLocation.xcscheme */ = {isa = PBXFileReference; lastKnownFileType = text.xml; name = XLocation.xcscheme; path = XLocation.xcodeproj/xcshareddata/xcschemes/XLocation.xcscheme; sourceTree = SOURCE_ROOT; };
		F83AD4C91BAB1C7800FF665A /* XLocation.h */ = {isa = PBXFileReference; lastKnownFileType = sourcecode.c.h; path = XLocation.h; sourceTree = "<group>"; };
		F83AD4CA1BAB1C7800FF665A /* XLocation.m */ = {isa = PBXFileReference; lastKnownFileType = sourcecode.c.objc; path = XLocation.m; sourceTree = "<group>"; };
		F83AD4CC1BAB1C7800FF665A /* NSObject_Extension.h */ = {isa = PBXFileReference; lastKnownFileType = sourcecode.c.h; path = NSObject_Extension.h; sourceTree = "<group>"; };
		F83AD4CD1BAB1C7800FF665A /* NSObject_Extension.m */ = {isa = PBXFileReference; lastKnownFileType = sourcecode.c.objc; path = NSObject_Extension.m; sourceTree = "<group>"; };
		F83AD4D61BAB1CCD00FF665A /* OCLogTemplate.h */ = {isa = PBXFileReference; fileEncoding = 4; lastKnownFileType = sourcecode.c.h; path = OCLogTemplate.h; sourceTree = "<group>"; };
		F83AD4D71BAB1CCD00FF665A /* README */ = {isa = PBXFileReference; fileEncoding = 4; lastKnownFileType = text; path = README; sourceTree = "<group>"; };
		F83AD4DA1BAB1CCD00FF665A /* XCKeyBuilder.h */ = {isa = PBXFileReference; fileEncoding = 4; lastKnownFileType = sourcecode.c.h; path = XCKeyBuilder.h; sourceTree = "<group>"; };
		F83AD4DB1BAB1CCD00FF665A /* XCKeyBuilder.m */ = {isa = PBXFileReference; fileEncoding = 4; lastKnownFileType = sourcecode.c.objc; path = XCKeyBuilder.m; sourceTree = "<group>"; };
		F83AD4DC1BAB1CCD00FF665A /* XCAbstractDefinition.h */ = {isa = PBXFileReference; fileEncoding = 4; lastKnownFileType = sourcecode.c.h; path = XCAbstractDefinition.h; sourceTree = "<group>"; };
		F83AD4DD1BAB1CCD00FF665A /* XCAbstractDefinition.m */ = {isa = PBXFileReference; fileEncoding = 4; lastKnownFileType = sourcecode.c.objc; path = XCAbstractDefinition.m; sourceTree = "<group>"; };
		F83AD4DE1BAB1CCD00FF665A /* XCBuildConfiguration.h */ = {isa = PBXFileReference; fileEncoding = 4; lastKnownFileType = sourcecode.c.h; path = XCBuildConfiguration.h; sourceTree = "<group>"; };
		F83AD4DF1BAB1CCD00FF665A /* XCBuildConfiguration.m */ = {isa = PBXFileReference; fileEncoding = 4; lastKnownFileType = sourcecode.c.objc; path = XCBuildConfiguration.m; sourceTree = "<group>"; };
		F83AD4E01BAB1CCD00FF665A /* XCClassDefinition.h */ = {isa = PBXFileReference; fileEncoding = 4; lastKnownFileType = sourcecode.c.h; path = XCClassDefinition.h; sourceTree = "<group>"; };
		F83AD4E11BAB1CCD00FF665A /* XCClassDefinition.m */ = {isa = PBXFileReference; fileEncoding = 4; lastKnownFileType = sourcecode.c.objc; path = XCClassDefinition.m; sourceTree = "<group>"; };
		F83AD4E21BAB1CCD00FF665A /* XCFileOperationQueue.h */ = {isa = PBXFileReference; fileEncoding = 4; lastKnownFileType = sourcecode.c.h; path = XCFileOperationQueue.h; sourceTree = "<group>"; };
		F83AD4E31BAB1CCD00FF665A /* XCFileOperationQueue.m */ = {isa = PBXFileReference; fileEncoding = 4; lastKnownFileType = sourcecode.c.objc; path = XCFileOperationQueue.m; sourceTree = "<group>"; };
		F83AD4E41BAB1CCD00FF665A /* XCFrameworkDefinition.h */ = {isa = PBXFileReference; fileEncoding = 4; lastKnownFileType = sourcecode.c.h; path = XCFrameworkDefinition.h; sourceTree = "<group>"; };
		F83AD4E51BAB1CCD00FF665A /* XCFrameworkDefinition.m */ = {isa = PBXFileReference; fileEncoding = 4; lastKnownFileType = sourcecode.c.objc; path = XCFrameworkDefinition.m; sourceTree = "<group>"; };
		F83AD4E61BAB1CCD00FF665A /* XCGroup.h */ = {isa = PBXFileReference; fileEncoding = 4; lastKnownFileType = sourcecode.c.h; path = XCGroup.h; sourceTree = "<group>"; };
		F83AD4E71BAB1CCD00FF665A /* XCGroup.m */ = {isa = PBXFileReference; fileEncoding = 4; lastKnownFileType = sourcecode.c.objc; path = XCGroup.m; sourceTree = "<group>"; };
		F83AD4E81BAB1CCD00FF665A /* XcodeEditor.h */ = {isa = PBXFileReference; fileEncoding = 4; lastKnownFileType = sourcecode.c.h; path = XcodeEditor.h; sourceTree = "<group>"; };
		F83AD4E91BAB1CCD00FF665A /* XcodeGroupMember.h */ = {isa = PBXFileReference; fileEncoding = 4; lastKnownFileType = sourcecode.c.h; path = XcodeGroupMember.h; sourceTree = "<group>"; };
		F83AD4EA1BAB1CCD00FF665A /* XcodeMemberType.h */ = {isa = PBXFileReference; fileEncoding = 4; lastKnownFileType = sourcecode.c.h; path = XcodeMemberType.h; sourceTree = "<group>"; };
		F83AD4EB1BAB1CCD00FF665A /* XcodeMemberType.m */ = {isa = PBXFileReference; fileEncoding = 4; lastKnownFileType = sourcecode.c.objc; path = XcodeMemberType.m; sourceTree = "<group>"; };
		F83AD4EC1BAB1CCD00FF665A /* XcodeSourceFileType.h */ = {isa = PBXFileReference; fileEncoding = 4; lastKnownFileType = sourcecode.c.h; path = XcodeSourceFileType.h; sourceTree = "<group>"; };
		F83AD4ED1BAB1CCD00FF665A /* XcodeSourceFileType.m */ = {isa = PBXFileReference; fileEncoding = 4; lastKnownFileType = sourcecode.c.objc; path = XcodeSourceFileType.m; sourceTree = "<group>"; };
		F83AD4EE1BAB1CCD00FF665A /* XCProject+SubProject.h */ = {isa = PBXFileReference; fileEncoding = 4; lastKnownFileType = sourcecode.c.h; path = "XCProject+SubProject.h"; sourceTree = "<group>"; };
		F83AD4EF1BAB1CCD00FF665A /* XCProject+SubProject.m */ = {isa = PBXFileReference; fileEncoding = 4; lastKnownFileType = sourcecode.c.objc; path = "XCProject+SubProject.m"; sourceTree = "<group>"; };
		F83AD4F01BAB1CCD00FF665A /* XCProject.h */ = {isa = PBXFileReference; fileEncoding = 4; lastKnownFileType = sourcecode.c.h; path = XCProject.h; sourceTree = "<group>"; };
		F83AD4F11BAB1CCD00FF665A /* XCProject.m */ = {isa = PBXFileReference; fileEncoding = 4; lastKnownFileType = sourcecode.c.objc; path = XCProject.m; sourceTree = "<group>"; };
		F83AD4F21BAB1CCD00FF665A /* XCSourceFile.h */ = {isa = PBXFileReference; fileEncoding = 4; lastKnownFileType = sourcecode.c.h; path = XCSourceFile.h; sourceTree = "<group>"; };
		F83AD4F31BAB1CCD00FF665A /* XCSourceFile.m */ = {isa = PBXFileReference; fileEncoding = 4; lastKnownFileType = sourcecode.c.objc; path = XCSourceFile.m; sourceTree = "<group>"; };
		F83AD4F41BAB1CCD00FF665A /* XCSourceFileDefinition.h */ = {isa = PBXFileReference; fileEncoding = 4; lastKnownFileType = sourcecode.c.h; path = XCSourceFileDefinition.h; sourceTree = "<group>"; };
		F83AD4F51BAB1CCD00FF665A /* XCSourceFileDefinition.m */ = {isa = PBXFileReference; fileEncoding = 4; lastKnownFileType = sourcecode.c.objc; path = XCSourceFileDefinition.m; sourceTree = "<group>"; };
		F83AD4F61BAB1CCD00FF665A /* XCSubProjectDefinition.h */ = {isa = PBXFileReference; fileEncoding = 4; lastKnownFileType = sourcecode.c.h; path = XCSubProjectDefinition.h; sourceTree = "<group>"; };
		F83AD4F71BAB1CCD00FF665A /* XCSubProjectDefinition.m */ = {isa = PBXFileReference; fileEncoding = 4; lastKnownFileType = sourcecode.c.objc; path = XCSubProjectDefinition.m; sourceTree = "<group>"; };
		F83AD4F81BAB1CCD00FF665A /* XCTarget.h */ = {isa = PBXFileReference; fileEncoding = 4; lastKnownFileType = sourcecode.c.h; path = XCTarget.h; sourceTree = "<group>"; };
		F83AD4F91BAB1CCD00FF665A /* XCTarget.m */ = {isa = PBXFileReference; fileEncoding = 4; lastKnownFileType = sourcecode.c.objc; path = XCTarget.m; sourceTree = "<group>"; };
		F83AD4FA1BAB1CCD00FF665A /* XCXibDefinition.h */ = {isa = PBXFileReference; fileEncoding = 4; lastKnownFileType = sourcecode.c.h; path = XCXibDefinition.h; sourceTree = "<group>"; };
		F83AD4FB1BAB1CCD00FF665A /* XCXibDefinition.m */ = {isa = PBXFileReference; fileEncoding = 4; lastKnownFileType = sourcecode.c.objc; path = XCXibDefinition.m; sourceTree = "<group>"; };
		F83AD50D1BAB1D5F00FF665A /* XLocation-Prefix.pch */ = {isa = PBXFileReference; lastKnownFileType = sourcecode.c.h; path = "XLocation-Prefix.pch"; sourceTree = "<group>"; };
		F83AD50E1BAB203500FF665A /* MapKit.framework */ = {isa = PBXFileReference; lastKnownFileType = wrapper.framework; name = MapKit.framework; path = System/Library/Frameworks/MapKit.framework; sourceTree = SDKROOT; };
		F83AD5101BAB203C00FF665A /* Cocoa.framework */ = {isa = PBXFileReference; lastKnownFileType = wrapper.framework; name = Cocoa.framework; path = System/Library/Frameworks/Cocoa.framework; sourceTree = SDKROOT; };
		F83AD5121BAB205E00FF665A /* DVTFoundation.framework */ = {isa = PBXFileReference; lastKnownFileType = wrapper.framework; name = DVTFoundation.framework; path = ../../../../Applications/Xcode.app/Contents/SharedFrameworks/DVTFoundation.framework; sourceTree = "<group>"; };
		F83AD5131BAB205E00FF665A /* DVTKit.framework */ = {isa = PBXFileReference; lastKnownFileType = wrapper.framework; name = DVTKit.framework; path = ../../../../Applications/Xcode.app/Contents/SharedFrameworks/DVTKit.framework; sourceTree = "<group>"; };
		F83AD5161BAB206B00FF665A /* IDEFoundation.framework */ = {isa = PBXFileReference; lastKnownFileType = wrapper.framework; name = IDEFoundation.framework; path = ../../../../Applications/Xcode.app/Contents/Frameworks/IDEFoundation.framework; sourceTree = "<group>"; };
		F83AD5171BAB206B00FF665A /* IDEKit.framework */ = {isa = PBXFileReference; lastKnownFileType = wrapper.framework; name = IDEKit.framework; path = ../../../../Applications/Xcode.app/Contents/Frameworks/IDEKit.framework; sourceTree = "<group>"; };
		F85452D61BAB5AA800B927A0 /* NSString+Gpx.h */ = {isa = PBXFileReference; fileEncoding = 4; lastKnownFileType = sourcecode.c.h; path = "NSString+Gpx.h"; sourceTree = "<group>"; };
		F85452D71BAB5AA800B927A0 /* NSString+Gpx.m */ = {isa = PBXFileReference; fileEncoding = 4; lastKnownFileType = sourcecode.c.objc; path = "NSString+Gpx.m"; sourceTree = "<group>"; };
		F85452D91BAB5AA800B927A0 /* XLAnnotation.h */ = {isa = PBXFileReference; fileEncoding = 4; lastKnownFileType = sourcecode.c.h; path = XLAnnotation.h; sourceTree = "<group>"; };
		F85452DA1BAB5AA800B927A0 /* XLAnnotation.m */ = {isa = PBXFileReference; fileEncoding = 4; lastKnownFileType = sourcecode.c.objc; path = XLAnnotation.m; sourceTree = "<group>"; };
		F85452DB1BAB5AA800B927A0 /* XLWorkspace.h */ = {isa = PBXFileReference; fileEncoding = 4; lastKnownFileType = sourcecode.c.h; path = XLWorkspace.h; sourceTree = "<group>"; };
		F85452DC1BAB5AA800B927A0 /* XLWorkspace.m */ = {isa = PBXFileReference; fileEncoding = 4; lastKnownFileType = sourcecode.c.objc; path = XLWorkspace.m; sourceTree = "<group>"; };
		F85452DD1BAB5AA800B927A0 /* XLMapView.h */ = {isa = PBXFileReference; fileEncoding = 4; lastKnownFileType = sourcecode.c.h; path = XLMapView.h; sourceTree = "<group>"; };
		F85452DE1BAB5AA800B927A0 /* XLMapView.m */ = {isa = PBXFileReference; fileEncoding = 4; lastKnownFileType = sourcecode.c.objc; path = XLMapView.m; sourceTree = "<group>"; };
		F85452DF1BAB5AA800B927A0 /* XLWindow.h */ = {isa = PBXFileReference; fileEncoding = 4; lastKnownFileType = sourcecode.c.h; path = XLWindow.h; sourceTree = "<group>"; };
		F85452E01BAB5AA800B927A0 /* XLWindow.m */ = {isa = PBXFileReference; fileEncoding = 4; lastKnownFileType = sourcecode.c.objc; path = XLWindow.m; sourceTree = "<group>"; };
		F85452E11BAB5AA800B927A0 /* XLWindow.xib */ = {isa = PBXFileReference; fileEncoding = 4; lastKnownFileType = file.xib; path = XLWindow.xib; sourceTree = "<group>"; };
		F85452E21BAB5AA800B927A0 /* XLWorkspaceView.h */ = {isa = PBXFileReference; fileEncoding = 4; lastKnownFileType = sourcecode.c.h; path = XLWorkspaceView.h; sourceTree = "<group>"; };
		F85452E31BAB5AA900B927A0 /* XLWorkspaceView.m */ = {isa = PBXFileReference; fileEncoding = 4; lastKnownFileType = sourcecode.c.objc; path = XLWorkspaceView.m; sourceTree = "<group>"; };
		F85452E51BAB5AA900B927A0 /* RMBlurredView.h */ = {isa = PBXFileReference; fileEncoding = 4; lastKnownFileType = sourcecode.c.h; path = RMBlurredView.h; sourceTree = "<group>"; };
		F85452E61BAB5AA900B927A0 /* RMBlurredView.m */ = {isa = PBXFileReference; fileEncoding = 4; lastKnownFileType = sourcecode.c.objc; path = RMBlurredView.m; sourceTree = "<group>"; };
		F85452E81BAB5AA900B927A0 /* DVTDualProxyWindow.h */ = {isa = PBXFileReference; fileEncoding = 4; lastKnownFileType = sourcecode.c.h; path = DVTDualProxyWindow.h; sourceTree = "<group>"; };
		F85452E91BAB5AA900B927A0 /* DVTFilePath.h */ = {isa = PBXFileReference; fileEncoding = 4; lastKnownFileType = sourcecode.c.h; path = DVTFilePath.h; sourceTree = "<group>"; };
		F85452EA1BAB5AA900B927A0 /* DVTSourceTextView.h */ = {isa = PBXFileReference; fileEncoding = 4; lastKnownFileType = sourcecode.c.h; path = DVTSourceTextView.h; sourceTree = "<group>"; };
		F85452EB1BAB5AA900B927A0 /* IDEEditorDocument.h */ = {isa = PBXFileReference; fileEncoding = 4; lastKnownFileType = sourcecode.c.h; path = IDEEditorDocument.h; sourceTree = "<group>"; };
		F85452EC1BAB5AA900B927A0 /* IDEIndex.h */ = {isa = PBXFileReference; fileEncoding = 4; lastKnownFileType = sourcecode.c.h; path = IDEIndex.h; sourceTree = "<group>"; };
		F85452ED1BAB5AA900B927A0 /* IDEIndexCollection.h */ = {isa = PBXFileReference; fileEncoding = 4; lastKnownFileType = sourcecode.c.h; path = IDEIndexCollection.h; sourceTree = "<group>"; };
		F85452EE1BAB5AA900B927A0 /* IDEWorkspace.h */ = {isa = PBXFileReference; fileEncoding = 4; lastKnownFileType = sourcecode.c.h; path = IDEWorkspace.h; sourceTree = "<group>"; };
		F85452EF1BAB5AA900B927A0 /* IDEWorkspaceWindow.h */ = {isa = PBXFileReference; fileEncoding = 4; lastKnownFileType = sourcecode.c.h; path = IDEWorkspaceWindow.h; sourceTree = "<group>"; };
/* End PBXFileReference section */

/* Begin PBXFrameworksBuildPhase section */
		F83AD4BB1BAB1C7800FF665A /* Frameworks */ = {
			isa = PBXFrameworksBuildPhase;
			buildActionMask = 2147483647;
			files = (
				F83AD5181BAB206B00FF665A /* IDEFoundation.framework in Frameworks */,
				F83AD5191BAB206B00FF665A /* IDEKit.framework in Frameworks */,
				F83AD5141BAB205E00FF665A /* DVTFoundation.framework in Frameworks */,
				F83AD5151BAB205E00FF665A /* DVTKit.framework in Frameworks */,
				F83AD5111BAB203C00FF665A /* Cocoa.framework in Frameworks */,
				F83AD50F1BAB203500FF665A /* MapKit.framework in Frameworks */,
				F83AD4C11BAB1C7800FF665A /* AppKit.framework in Frameworks */,
				F83AD4C31BAB1C7800FF665A /* Foundation.framework in Frameworks */,
			);
			runOnlyForDeploymentPostprocessing = 0;
		};
/* End PBXFrameworksBuildPhase section */

/* Begin PBXGroup section */
		F83AD4B41BAB1C7800FF665A = {
			isa = PBXGroup;
			children = (
				F83AD4D41BAB1CCD00FF665A /* Dependencies */,
				F83AD4C41BAB1C7800FF665A /* XLocation */,
				F83AD4BF1BAB1C7800FF665A /* Frameworks */,
				F83AD4BE1BAB1C7800FF665A /* Products */,
			);
			sourceTree = "<group>";
		};
		F83AD4BE1BAB1C7800FF665A /* Products */ = {
			isa = PBXGroup;
			children = (
				F83AD4BD1BAB1C7800FF665A /* XLocation.xcplugin */,
			);
			name = Products;
			sourceTree = "<group>";
		};
		F83AD4BF1BAB1C7800FF665A /* Frameworks */ = {
			isa = PBXGroup;
			children = (
				F83AD5161BAB206B00FF665A /* IDEFoundation.framework */,
				F83AD5171BAB206B00FF665A /* IDEKit.framework */,
				F83AD5121BAB205E00FF665A /* DVTFoundation.framework */,
				F83AD5131BAB205E00FF665A /* DVTKit.framework */,
				F83AD5101BAB203C00FF665A /* Cocoa.framework */,
				F83AD50E1BAB203500FF665A /* MapKit.framework */,
				F83AD4C01BAB1C7800FF665A /* AppKit.framework */,
				F83AD4C21BAB1C7800FF665A /* Foundation.framework */,
			);
			name = Frameworks;
			sourceTree = "<group>";
		};
		F83AD4C41BAB1C7800FF665A /* XLocation */ = {
			isa = PBXGroup;
			children = (
				F85452D51BAB5AA800B927A0 /* Categories */,
				F85452D81BAB5AA800B927A0 /* Classes */,
				F85452DD1BAB5AA800B927A0 /* XLMapView.h */,
				F85452DE1BAB5AA800B927A0 /* XLMapView.m */,
				F85452DF1BAB5AA800B927A0 /* XLWindow.h */,
				F85452E01BAB5AA800B927A0 /* XLWindow.m */,
				F85452E11BAB5AA800B927A0 /* XLWindow.xib */,
				F85452E21BAB5AA800B927A0 /* XLWorkspaceView.h */,
				F85452E31BAB5AA900B927A0 /* XLWorkspaceView.m */,
				F85452E41BAB5AA900B927A0 /* Views */,
				F85452E71BAB5AA900B927A0 /* Xcode-Private-Classes */,
				F83AD4C91BAB1C7800FF665A /* XLocation.h */,
				F83AD4CA1BAB1C7800FF665A /* XLocation.m */,
				F83AD4CC1BAB1C7800FF665A /* NSObject_Extension.h */,
				F83AD4CD1BAB1C7800FF665A /* NSObject_Extension.m */,
				F83AD4C51BAB1C7800FF665A /* Supporting Files */,
			);
			path = XLocation;
			sourceTree = "<group>";
		};
		F83AD4C51BAB1C7800FF665A /* Supporting Files */ = {
			isa = PBXGroup;
			children = (
				F83AD4C61BAB1C7800FF665A /* Info.plist */,
				F83AD4C71BAB1C7800FF665A /* XLocation.xcscheme */,
				F83AD50D1BAB1D5F00FF665A /* XLocation-Prefix.pch */,
			);
			name = "Supporting Files";
			sourceTree = "<group>";
		};
		F83AD4D41BAB1CCD00FF665A /* Dependencies */ = {
			isa = PBXGroup;
			children = (
				F83AD4D51BAB1CCD00FF665A /* OCLogTemplate */,
				F83AD4D81BAB1CCD00FF665A /* XcodeEditor */,
			);
			path = Dependencies;
			sourceTree = "<group>";
		};
		F83AD4D51BAB1CCD00FF665A /* OCLogTemplate */ = {
			isa = PBXGroup;
			children = (
				F83AD4D61BAB1CCD00FF665A /* OCLogTemplate.h */,
				F83AD4D71BAB1CCD00FF665A /* README */,
			);
			path = OCLogTemplate;
			sourceTree = "<group>";
		};
		F83AD4D81BAB1CCD00FF665A /* XcodeEditor */ = {
			isa = PBXGroup;
			children = (
				F83AD4D91BAB1CCD00FF665A /* Utils */,
				F83AD4DC1BAB1CCD00FF665A /* XCAbstractDefinition.h */,
				F83AD4DD1BAB1CCD00FF665A /* XCAbstractDefinition.m */,
				F83AD4DE1BAB1CCD00FF665A /* XCBuildConfiguration.h */,
				F83AD4DF1BAB1CCD00FF665A /* XCBuildConfiguration.m */,
				F83AD4E01BAB1CCD00FF665A /* XCClassDefinition.h */,
				F83AD4E11BAB1CCD00FF665A /* XCClassDefinition.m */,
				F83AD4E21BAB1CCD00FF665A /* XCFileOperationQueue.h */,
				F83AD4E31BAB1CCD00FF665A /* XCFileOperationQueue.m */,
				F83AD4E41BAB1CCD00FF665A /* XCFrameworkDefinition.h */,
				F83AD4E51BAB1CCD00FF665A /* XCFrameworkDefinition.m */,
				F83AD4E61BAB1CCD00FF665A /* XCGroup.h */,
				F83AD4E71BAB1CCD00FF665A /* XCGroup.m */,
				F83AD4E81BAB1CCD00FF665A /* XcodeEditor.h */,
				F83AD4E91BAB1CCD00FF665A /* XcodeGroupMember.h */,
				F83AD4EA1BAB1CCD00FF665A /* XcodeMemberType.h */,
				F83AD4EB1BAB1CCD00FF665A /* XcodeMemberType.m */,
				F83AD4EC1BAB1CCD00FF665A /* XcodeSourceFileType.h */,
				F83AD4ED1BAB1CCD00FF665A /* XcodeSourceFileType.m */,
				F83AD4EE1BAB1CCD00FF665A /* XCProject+SubProject.h */,
				F83AD4EF1BAB1CCD00FF665A /* XCProject+SubProject.m */,
				F83AD4F01BAB1CCD00FF665A /* XCProject.h */,
				F83AD4F11BAB1CCD00FF665A /* XCProject.m */,
				F83AD4F21BAB1CCD00FF665A /* XCSourceFile.h */,
				F83AD4F31BAB1CCD00FF665A /* XCSourceFile.m */,
				F83AD4F41BAB1CCD00FF665A /* XCSourceFileDefinition.h */,
				F83AD4F51BAB1CCD00FF665A /* XCSourceFileDefinition.m */,
				F83AD4F61BAB1CCD00FF665A /* XCSubProjectDefinition.h */,
				F83AD4F71BAB1CCD00FF665A /* XCSubProjectDefinition.m */,
				F83AD4F81BAB1CCD00FF665A /* XCTarget.h */,
				F83AD4F91BAB1CCD00FF665A /* XCTarget.m */,
				F83AD4FA1BAB1CCD00FF665A /* XCXibDefinition.h */,
				F83AD4FB1BAB1CCD00FF665A /* XCXibDefinition.m */,
			);
			path = XcodeEditor;
			sourceTree = "<group>";
		};
		F83AD4D91BAB1CCD00FF665A /* Utils */ = {
			isa = PBXGroup;
			children = (
				F83AD4DA1BAB1CCD00FF665A /* XCKeyBuilder.h */,
				F83AD4DB1BAB1CCD00FF665A /* XCKeyBuilder.m */,
			);
			path = Utils;
			sourceTree = "<group>";
		};
		F85452D51BAB5AA800B927A0 /* Categories */ = {
			isa = PBXGroup;
			children = (
				F85452D61BAB5AA800B927A0 /* NSString+Gpx.h */,
				F85452D71BAB5AA800B927A0 /* NSString+Gpx.m */,
			);
			path = Categories;
			sourceTree = "<group>";
		};
		F85452D81BAB5AA800B927A0 /* Classes */ = {
			isa = PBXGroup;
			children = (
				F85452D91BAB5AA800B927A0 /* XLAnnotation.h */,
				F85452DA1BAB5AA800B927A0 /* XLAnnotation.m */,
				F85452DB1BAB5AA800B927A0 /* XLWorkspace.h */,
				F85452DC1BAB5AA800B927A0 /* XLWorkspace.m */,
			);
			path = Classes;
			sourceTree = "<group>";
		};
		F85452E41BAB5AA900B927A0 /* Views */ = {
			isa = PBXGroup;
			children = (
				F85452E51BAB5AA900B927A0 /* RMBlurredView.h */,
				F85452E61BAB5AA900B927A0 /* RMBlurredView.m */,
			);
			path = Views;
			sourceTree = "<group>";
		};
		F85452E71BAB5AA900B927A0 /* Xcode-Private-Classes */ = {
			isa = PBXGroup;
			children = (
				F85452E81BAB5AA900B927A0 /* DVTDualProxyWindow.h */,
				F85452E91BAB5AA900B927A0 /* DVTFilePath.h */,
				F85452EA1BAB5AA900B927A0 /* DVTSourceTextView.h */,
				F85452EB1BAB5AA900B927A0 /* IDEEditorDocument.h */,
				F85452EC1BAB5AA900B927A0 /* IDEIndex.h */,
				F85452ED1BAB5AA900B927A0 /* IDEIndexCollection.h */,
				F85452EE1BAB5AA900B927A0 /* IDEWorkspace.h */,
				F85452EF1BAB5AA900B927A0 /* IDEWorkspaceWindow.h */,
			);
			path = "Xcode-Private-Classes";
			sourceTree = "<group>";
		};
/* End PBXGroup section */

/* Begin PBXNativeTarget section */
		F83AD4BC1BAB1C7800FF665A /* XLocation */ = {
			isa = PBXNativeTarget;
			buildConfigurationList = F83AD4D11BAB1C7800FF665A /* Build configuration list for PBXNativeTarget "XLocation" */;
			buildPhases = (
				F83AD4B91BAB1C7800FF665A /* Sources */,
				F83AD4BA1BAB1C7800FF665A /* Resources */,
				F83AD4BB1BAB1C7800FF665A /* Frameworks */,
			);
			buildRules = (
			);
			dependencies = (
			);
			name = XLocation;
			productName = XLocation;
			productReference = F83AD4BD1BAB1C7800FF665A /* XLocation.xcplugin */;
			productType = "com.apple.product-type.bundle";
		};
/* End PBXNativeTarget section */

/* Begin PBXProject section */
		F83AD4B51BAB1C7800FF665A /* Project object */ = {
			isa = PBXProject;
			attributes = {
				CLASSPREFIX = XL;
				LastUpgradeCheck = 0640;
				ORGANIZATIONNAME = "Stefan Lage";
				TargetAttributes = {
					F83AD4BC1BAB1C7800FF665A = {
						CreatedOnToolsVersion = 6.4;
					};
				};
			};
			buildConfigurationList = F83AD4B81BAB1C7800FF665A /* Build configuration list for PBXProject "XLocation" */;
			compatibilityVersion = "Xcode 3.2";
			developmentRegion = English;
			hasScannedForEncodings = 0;
			knownRegions = (
				en,
			);
			mainGroup = F83AD4B41BAB1C7800FF665A;
			productRefGroup = F83AD4BE1BAB1C7800FF665A /* Products */;
			projectDirPath = "";
			projectRoot = "";
			targets = (
				F83AD4BC1BAB1C7800FF665A /* XLocation */,
			);
		};
/* End PBXProject section */

/* Begin PBXResourcesBuildPhase section */
		F83AD4BA1BAB1C7800FF665A /* Resources */ = {
			isa = PBXResourcesBuildPhase;
			buildActionMask = 2147483647;
			files = (
				F83AD4FC1BAB1CCD00FF665A /* README in Resources */,
				F83AD4C81BAB1C7800FF665A /* XLocation.xcscheme in Resources */,
				F85452F51BAB5AA900B927A0 /* XLWindow.xib in Resources */,
			);
			runOnlyForDeploymentPostprocessing = 0;
		};
/* End PBXResourcesBuildPhase section */

/* Begin PBXSourcesBuildPhase section */
		F83AD4B91BAB1C7800FF665A /* Sources */ = {
			isa = PBXSourcesBuildPhase;
			buildActionMask = 2147483647;
			files = (
				F83AD50B1BAB1CCD00FF665A /* XCTarget.m in Sources */,
				F85452F61BAB5AA900B927A0 /* XLWorkspaceView.m in Sources */,
				F83AD50C1BAB1CCD00FF665A /* XCXibDefinition.m in Sources */,
				F85452F71BAB5AA900B927A0 /* RMBlurredView.m in Sources */,
				F85452F41BAB5AA900B927A0 /* XLWindow.m in Sources */,
				F85452F01BAB5AA900B927A0 /* NSString+Gpx.m in Sources */,
				F85452F21BAB5AA900B927A0 /* XLWorkspace.m in Sources */,
				F83AD4FD1BAB1CCD00FF665A /* XCKeyBuilder.m in Sources */,
				F83AD5041BAB1CCD00FF665A /* XcodeMemberType.m in Sources */,
				F83AD5011BAB1CCD00FF665A /* XCFileOperationQueue.m in Sources */,
				F83AD4FE1BAB1CCD00FF665A /* XCAbstractDefinition.m in Sources */,
				F83AD5051BAB1CCD00FF665A /* XcodeSourceFileType.m in Sources */,
				F83AD5081BAB1CCD00FF665A /* XCSourceFile.m in Sources */,
				F83AD5001BAB1CCD00FF665A /* XCClassDefinition.m in Sources */,
				F83AD5021BAB1CCD00FF665A /* XCFrameworkDefinition.m in Sources */,
				F85452F31BAB5AA900B927A0 /* XLMapView.m in Sources */,
				F83AD50A1BAB1CCD00FF665A /* XCSubProjectDefinition.m in Sources */,
				F83AD5031BAB1CCD00FF665A /* XCGroup.m in Sources */,
				F83AD4FF1BAB1CCD00FF665A /* XCBuildConfiguration.m in Sources */,
				F83AD4CB1BAB1C7800FF665A /* XLocation.m in Sources */,
				F85452F11BAB5AA900B927A0 /* XLAnnotation.m in Sources */,
				F83AD5091BAB1CCD00FF665A /* XCSourceFileDefinition.m in Sources */,
				F83AD4CE1BAB1C7800FF665A /* NSObject_Extension.m in Sources */,
				F83AD5071BAB1CCD00FF665A /* XCProject.m in Sources */,
				F83AD5061BAB1CCD00FF665A /* XCProject+SubProject.m in Sources */,
			);
			runOnlyForDeploymentPostprocessing = 0;
		};
/* End PBXSourcesBuildPhase section */

/* Begin XCBuildConfiguration section */
		F83AD4CF1BAB1C7800FF665A /* Debug */ = {
			isa = XCBuildConfiguration;
			buildSettings = {
				ALWAYS_SEARCH_USER_PATHS = NO;
				CLANG_CXX_LANGUAGE_STANDARD = "gnu++0x";
				CLANG_CXX_LIBRARY = "libc++";
				CLANG_ENABLE_MODULES = YES;
				CLANG_ENABLE_OBJC_ARC = YES;
				CLANG_WARN_BOOL_CONVERSION = YES;
				CLANG_WARN_CONSTANT_CONVERSION = YES;
				CLANG_WARN_DIRECT_OBJC_ISA_USAGE = YES_ERROR;
				CLANG_WARN_EMPTY_BODY = YES;
				CLANG_WARN_ENUM_CONVERSION = YES;
				CLANG_WARN_INT_CONVERSION = YES;
				CLANG_WARN_OBJC_ROOT_CLASS = YES_ERROR;
				CLANG_WARN_UNREACHABLE_CODE = YES;
				CLANG_WARN__DUPLICATE_METHOD_MATCH = YES;
				COPY_PHASE_STRIP = NO;
				ENABLE_STRICT_OBJC_MSGSEND = YES;
				GCC_C_LANGUAGE_STANDARD = gnu99;
				GCC_DYNAMIC_NO_PIC = NO;
				GCC_NO_COMMON_BLOCKS = YES;
				GCC_OPTIMIZATION_LEVEL = 0;
				GCC_PREPROCESSOR_DEFINITIONS = (
					"DEBUG=1",
					"$(inherited)",
				);
				GCC_SYMBOLS_PRIVATE_EXTERN = NO;
				GCC_WARN_64_TO_32_BIT_CONVERSION = YES;
				GCC_WARN_ABOUT_RETURN_TYPE = YES_ERROR;
				GCC_WARN_UNDECLARED_SELECTOR = YES;
				GCC_WARN_UNINITIALIZED_AUTOS = YES_AGGRESSIVE;
				GCC_WARN_UNUSED_FUNCTION = YES;
				GCC_WARN_UNUSED_VARIABLE = YES;
				MTL_ENABLE_DEBUG_INFO = YES;
				ONLY_ACTIVE_ARCH = YES;
			};
			name = Debug;
		};
		F83AD4D01BAB1C7800FF665A /* Release */ = {
			isa = XCBuildConfiguration;
			buildSettings = {
				ALWAYS_SEARCH_USER_PATHS = NO;
				CLANG_CXX_LANGUAGE_STANDARD = "gnu++0x";
				CLANG_CXX_LIBRARY = "libc++";
				CLANG_ENABLE_MODULES = YES;
				CLANG_ENABLE_OBJC_ARC = YES;
				CLANG_WARN_BOOL_CONVERSION = YES;
				CLANG_WARN_CONSTANT_CONVERSION = YES;
				CLANG_WARN_DIRECT_OBJC_ISA_USAGE = YES_ERROR;
				CLANG_WARN_EMPTY_BODY = YES;
				CLANG_WARN_ENUM_CONVERSION = YES;
				CLANG_WARN_INT_CONVERSION = YES;
				CLANG_WARN_OBJC_ROOT_CLASS = YES_ERROR;
				CLANG_WARN_UNREACHABLE_CODE = YES;
				CLANG_WARN__DUPLICATE_METHOD_MATCH = YES;
				COPY_PHASE_STRIP = NO;
				ENABLE_NS_ASSERTIONS = NO;
				ENABLE_STRICT_OBJC_MSGSEND = YES;
				GCC_C_LANGUAGE_STANDARD = gnu99;
				GCC_NO_COMMON_BLOCKS = YES;
				GCC_WARN_64_TO_32_BIT_CONVERSION = YES;
				GCC_WARN_ABOUT_RETURN_TYPE = YES_ERROR;
				GCC_WARN_UNDECLARED_SELECTOR = YES;
				GCC_WARN_UNINITIALIZED_AUTOS = YES_AGGRESSIVE;
				GCC_WARN_UNUSED_FUNCTION = YES;
				GCC_WARN_UNUSED_VARIABLE = YES;
				MTL_ENABLE_DEBUG_INFO = NO;
			};
			name = Release;
		};
		F83AD4D21BAB1C7800FF665A /* Debug */ = {
			isa = XCBuildConfiguration;
			buildSettings = {
				COMBINE_HIDPI_IMAGES = YES;
				DEPLOYMENT_LOCATION = YES;
				DSTROOT = "$(HOME)";
				FRAMEWORK_SEARCH_PATHS = (
					"$(inherited)",
					"$(SYSTEM_APPS_DIR)/Xcode.app/Contents/Frameworks",
					"$(SYSTEM_APPS_DIR)/Xcode.app/Contents/SharedFrameworks",
				);
				GCC_PRECOMPILE_PREFIX_HEADER = YES;
				GCC_PREFIX_HEADER = "XLocation/XLocation-Prefix.pch";
				HEADER_SEARCH_PATHS = "$(inherited)";
				INFOPLIST_FILE = XLocation/Info.plist;
				INSTALL_PATH = "/Library/Application Support/Developer/Shared/Xcode/Plug-ins";
				MACOSX_DEPLOYMENT_TARGET = 10.9;
				OTHER_LDFLAGS = "";
				PRODUCT_NAME = "$(TARGET_NAME)";
				SDKROOT = macosx;
				WRAPPER_EXTENSION = xcplugin;
			};
			name = Debug;
		};
		F83AD4D31BAB1C7800FF665A /* Release */ = {
			isa = XCBuildConfiguration;
			buildSettings = {
				COMBINE_HIDPI_IMAGES = YES;
				DEBUG_INFORMATION_FORMAT = "dwarf-with-dsym";
				DEPLOYMENT_LOCATION = YES;
				DSTROOT = "$(HOME)";
				FRAMEWORK_SEARCH_PATHS = (
					"$(inherited)",
					"$(SYSTEM_APPS_DIR)/Xcode.app/Contents/Frameworks",
					"$(SYSTEM_APPS_DIR)/Xcode.app/Contents/SharedFrameworks",
				);
				GCC_PRECOMPILE_PREFIX_HEADER = YES;
				GCC_PREFIX_HEADER = "XLocation/XLocation-Prefix.pch";
				HEADER_SEARCH_PATHS = "$(inherited)";
				INFOPLIST_FILE = XLocation/Info.plist;
				INSTALL_PATH = "/Library/Application Support/Developer/Shared/Xcode/Plug-ins";
				MACOSX_DEPLOYMENT_TARGET = 10.9;
				OTHER_LDFLAGS = "";
				PRODUCT_NAME = "$(TARGET_NAME)";
				SDKROOT = macosx;
				WRAPPER_EXTENSION = xcplugin;
			};
			name = Release;
		};
/* End XCBuildConfiguration section */

/* Begin XCConfigurationList section */
		F83AD4B81BAB1C7800FF665A /* Build configuration list for PBXProject "XLocation" */ = {
			isa = XCConfigurationList;
			buildConfigurations = (
				F83AD4CF1BAB1C7800FF665A /* Debug */,
				F83AD4D01BAB1C7800FF665A /* Release */,
			);
			defaultConfigurationIsVisible = 0;
			defaultConfigurationName = Release;
		};
		F83AD4D11BAB1C7800FF665A /* Build configuration list for PBXNativeTarget "XLocation" */ = {
			isa = XCConfigurationList;
			buildConfigurations = (
				F83AD4D21BAB1C7800FF665A /* Debug */,
				F83AD4D31BAB1C7800FF665A /* Release */,
			);
			defaultConfigurationIsVisible = 0;
			defaultConfigurationName = Release;
		};
/* End XCConfigurationList section */
	};
	rootObject = F83AD4B51BAB1C7800FF665A /* Project object */;
}
